
Microsoft Visual Studio Solution File, Format Version 12.00
# Visual Studio 15
VisualStudioVersion = 15.0.28010.2019
MinimumVisualStudioVersion = 10.0.40219.1
Project("{FAE04EC0-301F-11D3-BF4B-00C04F79EFBC}") = "Task2", "Task2\Task2.csproj", "{2679BEDC-749D-4E44-8A20-79C300B77357}"
EndProject
Project("{FAE04EC0-301F-11D3-BF4B-00C04F79EFBC}") = "Library", "Library\Library.csproj", "{38E51B32-FE74-425C-8EEC-EF285E8BB71B}"
EndProject
Project("{FAE04EC0-301F-11D3-BF4B-00C04F79EFBC}") = "Task3", "Task3\Task3.csproj", "{3376DCC5-A0BF-4107-A847-AF295925CE96}"
EndProject
Project("{FAE04EC0-301F-11D3-BF4B-00C04F79EFBC}") = "Task4", "Task4\Task4.csproj", "{315DB558-0C68-4E86-A97D-13C126901897}"
EndProject
Project("{FAE04EC0-301F-11D3-BF4B-00C04F79EFBC}") = "Task1", "Task1\Task1.csproj", "{C5708CBD-92CB-41B3-9E4F-FCCE448EE07D}"
EndProject
Global
	GlobalSection(SolutionConfigurationPlatforms) = preSolution
		Debug|Any CPU = Debug|Any CPU
		Release|Any CPU = Release|Any CPU
	EndGlobalSection
	GlobalSection(ProjectConfigurationPlatforms) = postSolution
		{2679BEDC-749D-4E44-8A20-79C300B77357}.Debug|Any CPU.ActiveCfg = Debug|Any CPU
		{2679BEDC-749D-4E44-8A20-79C300B77357}.Debug|Any CPU.Build.0 = Debug|Any CPU
		{2679BEDC-749D-4E44-8A20-79C300B77357}.Release|Any CPU.ActiveCfg = Release|Any CPU
		{2679BEDC-749D-4E44-8A20-79C300B77357}.Release|Any CPU.Build.0 = Release|Any CPU
		{38E51B32-FE74-425C-8EEC-EF285E8BB71B}.Debug|Any CPU.ActiveCfg = Debug|Any CPU
		{38E51B32-FE74-425C-8EEC-EF285E8BB71B}.Debug|Any CPU.Build.0 = Debug|Any CPU
		{38E51B32-FE74-425C-8EEC-EF285E8BB71B}.Release|Any CPU.ActiveCfg = Release|Any CPU
		{38E51B32-FE74-425C-8EEC-EF285E8BB71B}.Release|Any CPU.Build.0 = Release|Any CPU
		{3376DCC5-A0BF-4107-A847-AF295925CE96}.Debug|Any CPU.ActiveCfg = Debug|Any CPU
		{3376DCC5-A0BF-4107-A847-AF295925CE96}.Debug|Any CPU.Build.0 = Debug|Any CPU
		{3376DCC5-A0BF-4107-A847-AF295925CE96}.Release|Any CPU.ActiveCfg = Release|Any CPU
		{3376DCC5-A0BF-4107-A847-AF295925CE96}.Release|Any CPU.Build.0 = Release|Any CPU
		{315DB558-0C68-4E86-A97D-13C126901897}.Debug|Any CPU.ActiveCfg = Debug|Any CPU
		{315DB558-0C68-4E86-A97D-13C126901897}.Debug|Any CPU.Build.0 = Debug|Any CPU
		{315DB558-0C68-4E86-A97D-13C126901897}.Release|Any CPU.ActiveCfg = Release|Any CPU
		{315DB558-0C68-4E86-A97D-13C126901897}.Release|Any CPU.Build.0 = Release|Any CPU
		{C5708CBD-92CB-41B3-9E4F-FCCE448EE07D}.Debug|Any CPU.ActiveCfg = Debug|Any CPU
		{C5708CBD-92CB-41B3-9E4F-FCCE448EE07D}.Debug|Any CPU.Build.0 = Debug|Any CPU
		{C5708CBD-92CB-41B3-9E4F-FCCE448EE07D}.Release|Any CPU.ActiveCfg = Release|Any CPU
		{C5708CBD-92CB-41B3-9E4F-FCCE448EE07D}.Release|Any CPU.Build.0 = Release|Any CPU
	EndGlobalSection
	GlobalSection(SolutionProperties) = preSolution
		HideSolutionNode = FALSE
	EndGlobalSection
	GlobalSection(ExtensibilityGlobals) = postSolution
		SolutionGuid = {127901C1-36ED-40C4-B57F-1779EF4500E8}
	EndGlobalSection
EndGlobal
