
Microsoft Visual Studio Solution File, Format Version 12.00
# Visual Studio 15
VisualStudioVersion = 15.0.28010.2019
MinimumVisualStudioVersion = 10.0.40219.1
Project("{FAE04EC0-301F-11D3-BF4B-00C04F79EFBC}") = "Task1", "Task1\Task1.csproj", "{01340CCE-B232-42FF-89AA-F190A7F1ED48}"
EndProject
Project("{FAE04EC0-301F-11D3-BF4B-00C04F79EFBC}") = "Task2", "Task2\Task2.csproj", "{0281B722-A23F-4474-A1EC-4093A65ABA9A}"
EndProject
Project("{FAE04EC0-301F-11D3-BF4B-00C04F79EFBC}") = "Task3", "Task3\Task3.csproj", "{0B3F11B5-88DB-4C8C-852C-B7FD37880E76}"
EndProject
Project("{FAE04EC0-301F-11D3-BF4B-00C04F79EFBC}") = "Task4", "Task4\Task4.csproj", "{2EF70F04-A881-4174-8EAF-5DAA6E009EDF}"
EndProject
Global
	GlobalSection(SolutionConfigurationPlatforms) = preSolution
		Debug|Any CPU = Debug|Any CPU
		Release|Any CPU = Release|Any CPU
	EndGlobalSection
	GlobalSection(ProjectConfigurationPlatforms) = postSolution
		{01340CCE-B232-42FF-89AA-F190A7F1ED48}.Debug|Any CPU.ActiveCfg = Debug|Any CPU
		{01340CCE-B232-42FF-89AA-F190A7F1ED48}.Debug|Any CPU.Build.0 = Debug|Any CPU
		{01340CCE-B232-42FF-89AA-F190A7F1ED48}.Release|Any CPU.ActiveCfg = Release|Any CPU
		{01340CCE-B232-42FF-89AA-F190A7F1ED48}.Release|Any CPU.Build.0 = Release|Any CPU
		{0281B722-A23F-4474-A1EC-4093A65ABA9A}.Debug|Any CPU.ActiveCfg = Debug|Any CPU
		{0281B722-A23F-4474-A1EC-4093A65ABA9A}.Debug|Any CPU.Build.0 = Debug|Any CPU
		{0281B722-A23F-4474-A1EC-4093A65ABA9A}.Release|Any CPU.ActiveCfg = Release|Any CPU
		{0281B722-A23F-4474-A1EC-4093A65ABA9A}.Release|Any CPU.Build.0 = Release|Any CPU
		{0B3F11B5-88DB-4C8C-852C-B7FD37880E76}.Debug|Any CPU.ActiveCfg = Debug|Any CPU
		{0B3F11B5-88DB-4C8C-852C-B7FD37880E76}.Debug|Any CPU.Build.0 = Debug|Any CPU
		{0B3F11B5-88DB-4C8C-852C-B7FD37880E76}.Release|Any CPU.ActiveCfg = Release|Any CPU
		{0B3F11B5-88DB-4C8C-852C-B7FD37880E76}.Release|Any CPU.Build.0 = Release|Any CPU
		{2EF70F04-A881-4174-8EAF-5DAA6E009EDF}.Debug|Any CPU.ActiveCfg = Debug|Any CPU
		{2EF70F04-A881-4174-8EAF-5DAA6E009EDF}.Debug|Any CPU.Build.0 = Debug|Any CPU
		{2EF70F04-A881-4174-8EAF-5DAA6E009EDF}.Release|Any CPU.ActiveCfg = Release|Any CPU
		{2EF70F04-A881-4174-8EAF-5DAA6E009EDF}.Release|Any CPU.Build.0 = Release|Any CPU
	EndGlobalSection
	GlobalSection(SolutionProperties) = preSolution
		HideSolutionNode = FALSE
	EndGlobalSection
	GlobalSection(ExtensibilityGlobals) = postSolution
		SolutionGuid = {09F17E3E-7A3A-4BEA-AF04-9722B40E012B}
	EndGlobalSection
EndGlobal
