
Microsoft Visual Studio Solution File, Format Version 12.00
# Visual Studio 15
VisualStudioVersion = 15.0.28010.2019
MinimumVisualStudioVersion = 10.0.40219.1
Project("{FAE04EC0-301F-11D3-BF4B-00C04F79EFBC}") = "Task1", "Task1\Task1.csproj", "{9FFE0361-ED4F-4BDF-9438-157687F6222C}"
EndProject
Global
	GlobalSection(SolutionConfigurationPlatforms) = preSolution
		Debug|Any CPU = Debug|Any CPU
		Release|Any CPU = Release|Any CPU
	EndGlobalSection
	GlobalSection(ProjectConfigurationPlatforms) = postSolution
		{9FFE0361-ED4F-4BDF-9438-157687F6222C}.Debug|Any CPU.ActiveCfg = Debug|Any CPU
		{9FFE0361-ED4F-4BDF-9438-157687F6222C}.Debug|Any CPU.Build.0 = Debug|Any CPU
		{9FFE0361-ED4F-4BDF-9438-157687F6222C}.Release|Any CPU.ActiveCfg = Release|Any CPU
		{9FFE0361-ED4F-4BDF-9438-157687F6222C}.Release|Any CPU.Build.0 = Release|Any CPU
	EndGlobalSection
	GlobalSection(SolutionProperties) = preSolution
		HideSolutionNode = FALSE
	EndGlobalSection
	GlobalSection(ExtensibilityGlobals) = postSolution
		SolutionGuid = {A3756830-776A-4F2C-A7A6-688875899BB3}
	EndGlobalSection
EndGlobal
