
Microsoft Visual Studio Solution File, Format Version 12.00
# Visual Studio 15
VisualStudioVersion = 15.0.28010.2019
MinimumVisualStudioVersion = 10.0.40219.1
Project("{FAE04EC0-301F-11D3-BF4B-00C04F79EFBC}") = "Task1", "Task1\Task1.csproj", "{3F554F79-E1D8-4882-8B1A-24667234DD96}"
EndProject
Project("{FAE04EC0-301F-11D3-BF4B-00C04F79EFBC}") = "Task2", "Task2\Task2.csproj", "{FB8B1663-5141-45C7-8906-19D7C4621DE9}"
EndProject
Project("{FAE04EC0-301F-11D3-BF4B-00C04F79EFBC}") = "ConsoleApp2", "ConsoleApp2\ConsoleApp2.csproj", "{A1B3467E-B1CF-4AC2-AA48-7CBDDA66DE6E}"
EndProject
Global
	GlobalSection(SolutionConfigurationPlatforms) = preSolution
		Debug|Any CPU = Debug|Any CPU
		Release|Any CPU = Release|Any CPU
	EndGlobalSection
	GlobalSection(ProjectConfigurationPlatforms) = postSolution
		{3F554F79-E1D8-4882-8B1A-24667234DD96}.Debug|Any CPU.ActiveCfg = Debug|Any CPU
		{3F554F79-E1D8-4882-8B1A-24667234DD96}.Debug|Any CPU.Build.0 = Debug|Any CPU
		{3F554F79-E1D8-4882-8B1A-24667234DD96}.Release|Any CPU.ActiveCfg = Release|Any CPU
		{3F554F79-E1D8-4882-8B1A-24667234DD96}.Release|Any CPU.Build.0 = Release|Any CPU
		{FB8B1663-5141-45C7-8906-19D7C4621DE9}.Debug|Any CPU.ActiveCfg = Debug|Any CPU
		{FB8B1663-5141-45C7-8906-19D7C4621DE9}.Debug|Any CPU.Build.0 = Debug|Any CPU
		{FB8B1663-5141-45C7-8906-19D7C4621DE9}.Release|Any CPU.ActiveCfg = Release|Any CPU
		{FB8B1663-5141-45C7-8906-19D7C4621DE9}.Release|Any CPU.Build.0 = Release|Any CPU
		{A1B3467E-B1CF-4AC2-AA48-7CBDDA66DE6E}.Debug|Any CPU.ActiveCfg = Debug|Any CPU
		{A1B3467E-B1CF-4AC2-AA48-7CBDDA66DE6E}.Debug|Any CPU.Build.0 = Debug|Any CPU
		{A1B3467E-B1CF-4AC2-AA48-7CBDDA66DE6E}.Release|Any CPU.ActiveCfg = Release|Any CPU
		{A1B3467E-B1CF-4AC2-AA48-7CBDDA66DE6E}.Release|Any CPU.Build.0 = Release|Any CPU
	EndGlobalSection
	GlobalSection(SolutionProperties) = preSolution
		HideSolutionNode = FALSE
	EndGlobalSection
	GlobalSection(ExtensibilityGlobals) = postSolution
		SolutionGuid = {8977BB79-3EDB-435E-B92C-DBA60A0393A6}
	EndGlobalSection
EndGlobal
