
Microsoft Visual Studio Solution File, Format Version 12.00
# Visual Studio 15
VisualStudioVersion = 15.0.28010.2019
MinimumVisualStudioVersion = 10.0.40219.1
Project("{FAE04EC0-301F-11D3-BF4B-00C04F79EFBC}") = "Task2", "Task2\Task2.csproj", "{07309445-7B90-4793-A2AE-54FC306CBED4}"
EndProject
Project("{FAE04EC0-301F-11D3-BF4B-00C04F79EFBC}") = "Task3", "Task3\Task3.csproj", "{954C7EAA-165B-4F3A-BA81-92FA0F7990C0}"
EndProject
Project("{FAE04EC0-301F-11D3-BF4B-00C04F79EFBC}") = "Task4", "Task4\Task4.csproj", "{C0F4E07F-401B-4297-93F1-A204C4C09552}"
EndProject
Project("{FAE04EC0-301F-11D3-BF4B-00C04F79EFBC}") = "Task5", "Task5\Task5.csproj", "{856140C0-1E5A-4914-BFC5-6DF8418DB2D4}"
EndProject
Project("{FAE04EC0-301F-11D3-BF4B-00C04F79EFBC}") = "Task1", "Task1\Task1.csproj", "{169E5661-20DE-443B-8C8F-FDDB9AC46AB0}"
EndProject
Global
	GlobalSection(SolutionConfigurationPlatforms) = preSolution
		Debug|Any CPU = Debug|Any CPU
		Release|Any CPU = Release|Any CPU
	EndGlobalSection
	GlobalSection(ProjectConfigurationPlatforms) = postSolution
		{07309445-7B90-4793-A2AE-54FC306CBED4}.Debug|Any CPU.ActiveCfg = Debug|Any CPU
		{07309445-7B90-4793-A2AE-54FC306CBED4}.Debug|Any CPU.Build.0 = Debug|Any CPU
		{07309445-7B90-4793-A2AE-54FC306CBED4}.Release|Any CPU.ActiveCfg = Release|Any CPU
		{07309445-7B90-4793-A2AE-54FC306CBED4}.Release|Any CPU.Build.0 = Release|Any CPU
		{954C7EAA-165B-4F3A-BA81-92FA0F7990C0}.Debug|Any CPU.ActiveCfg = Debug|Any CPU
		{954C7EAA-165B-4F3A-BA81-92FA0F7990C0}.Debug|Any CPU.Build.0 = Debug|Any CPU
		{954C7EAA-165B-4F3A-BA81-92FA0F7990C0}.Release|Any CPU.ActiveCfg = Release|Any CPU
		{954C7EAA-165B-4F3A-BA81-92FA0F7990C0}.Release|Any CPU.Build.0 = Release|Any CPU
		{C0F4E07F-401B-4297-93F1-A204C4C09552}.Debug|Any CPU.ActiveCfg = Debug|Any CPU
		{C0F4E07F-401B-4297-93F1-A204C4C09552}.Debug|Any CPU.Build.0 = Debug|Any CPU
		{C0F4E07F-401B-4297-93F1-A204C4C09552}.Release|Any CPU.ActiveCfg = Release|Any CPU
		{C0F4E07F-401B-4297-93F1-A204C4C09552}.Release|Any CPU.Build.0 = Release|Any CPU
		{856140C0-1E5A-4914-BFC5-6DF8418DB2D4}.Debug|Any CPU.ActiveCfg = Debug|Any CPU
		{856140C0-1E5A-4914-BFC5-6DF8418DB2D4}.Debug|Any CPU.Build.0 = Debug|Any CPU
		{856140C0-1E5A-4914-BFC5-6DF8418DB2D4}.Release|Any CPU.ActiveCfg = Release|Any CPU
		{856140C0-1E5A-4914-BFC5-6DF8418DB2D4}.Release|Any CPU.Build.0 = Release|Any CPU
		{169E5661-20DE-443B-8C8F-FDDB9AC46AB0}.Debug|Any CPU.ActiveCfg = Debug|Any CPU
		{169E5661-20DE-443B-8C8F-FDDB9AC46AB0}.Debug|Any CPU.Build.0 = Debug|Any CPU
		{169E5661-20DE-443B-8C8F-FDDB9AC46AB0}.Release|Any CPU.ActiveCfg = Release|Any CPU
		{169E5661-20DE-443B-8C8F-FDDB9AC46AB0}.Release|Any CPU.Build.0 = Release|Any CPU
	EndGlobalSection
	GlobalSection(SolutionProperties) = preSolution
		HideSolutionNode = FALSE
	EndGlobalSection
	GlobalSection(ExtensibilityGlobals) = postSolution
		SolutionGuid = {BC418F81-EE95-40CC-B110-F7AC64FA3DC6}
	EndGlobalSection
EndGlobal
