
Microsoft Visual Studio Solution File, Format Version 12.00
# Visual Studio 15
VisualStudioVersion = 15.0.28010.2019
MinimumVisualStudioVersion = 10.0.40219.1
Project("{2150E333-8FDC-42A3-9474-1A3956D46DE8}") = "Entities", "Entities", "{06C3EC8F-ECC0-45CE-B425-913DD164D73E}"
EndProject
Project("{2150E333-8FDC-42A3-9474-1A3956D46DE8}") = "UsersAndAwards.BLL", "UsersAndAwards.BLL", "{9A7E5AFB-B6E2-4E0A-998F-868D9443F621}"
EndProject
Project("{2150E333-8FDC-42A3-9474-1A3956D46DE8}") = "UsersAndAwards.DAL", "UsersAndAwards.DAL", "{F8DF018B-AE06-47DA-92F0-AC7FD44096CA}"
EndProject
Project("{2150E333-8FDC-42A3-9474-1A3956D46DE8}") = "UsersAndAwards.PL", "UsersAndAwards.PL", "{830BAEE4-28D8-4B54-B4E6-EB174B5DC05F}"
EndProject
Project("{2150E333-8FDC-42A3-9474-1A3956D46DE8}") = "WinForms", "WinForms", "{4A0923FD-ED65-4D14-990D-B6B25E123D82}"
EndProject
Project("{2150E333-8FDC-42A3-9474-1A3956D46DE8}") = "Web", "Web", "{BFB6F38B-3BDE-4C6C-947A-5AE036E70C67}"
EndProject
Project("{FAE04EC0-301F-11D3-BF4B-00C04F79EFBC}") = "Entities", "Entities\Entities.csproj", "{7749183B-F7AC-472D-AF28-1F00F07FECFF}"
EndProject
Project("{FAE04EC0-301F-11D3-BF4B-00C04F79EFBC}") = "UsersAndAwards.BLL", "UsersAndAwards.BLL\UsersAndAwards.BLL.csproj", "{32AEF1ED-08D1-4C1D-A139-990F481AA26F}"
EndProject
Project("{FAE04EC0-301F-11D3-BF4B-00C04F79EFBC}") = "UsersAndAwards.DAL", "UsersAndAwards.DAL\UsersAndAwards.DAL.csproj", "{971906FC-4D76-4520-9CE2-565D10470B99}"
EndProject
Project("{FAE04EC0-301F-11D3-BF4B-00C04F79EFBC}") = "UsersAndAwards.PL.WinForms", "UsersAndAwards.PL\WinForms\UsersAndAwards.PL.WinForms.csproj", "{28B97868-3D2C-4D46-939A-CA3957D05700}"
EndProject
Project("{FAE04EC0-301F-11D3-BF4B-00C04F79EFBC}") = "UsersAndAwards.PL.Web", "UsersAndAwards.PL\Web\UsersAndAwards.PL.Web\UsersAndAwards.PL.Web.csproj", "{3B7457E3-EA20-496A-8BD6-9DAACDDE780A}"
EndProject
Global
	GlobalSection(SolutionConfigurationPlatforms) = preSolution
		Debug|Any CPU = Debug|Any CPU
		Release|Any CPU = Release|Any CPU
	EndGlobalSection
	GlobalSection(ProjectConfigurationPlatforms) = postSolution
		{7749183B-F7AC-472D-AF28-1F00F07FECFF}.Debug|Any CPU.ActiveCfg = Debug|Any CPU
		{7749183B-F7AC-472D-AF28-1F00F07FECFF}.Debug|Any CPU.Build.0 = Debug|Any CPU
		{7749183B-F7AC-472D-AF28-1F00F07FECFF}.Release|Any CPU.ActiveCfg = Release|Any CPU
		{7749183B-F7AC-472D-AF28-1F00F07FECFF}.Release|Any CPU.Build.0 = Release|Any CPU
		{32AEF1ED-08D1-4C1D-A139-990F481AA26F}.Debug|Any CPU.ActiveCfg = Debug|Any CPU
		{32AEF1ED-08D1-4C1D-A139-990F481AA26F}.Debug|Any CPU.Build.0 = Debug|Any CPU
		{32AEF1ED-08D1-4C1D-A139-990F481AA26F}.Release|Any CPU.ActiveCfg = Release|Any CPU
		{32AEF1ED-08D1-4C1D-A139-990F481AA26F}.Release|Any CPU.Build.0 = Release|Any CPU
		{971906FC-4D76-4520-9CE2-565D10470B99}.Debug|Any CPU.ActiveCfg = Debug|Any CPU
		{971906FC-4D76-4520-9CE2-565D10470B99}.Debug|Any CPU.Build.0 = Debug|Any CPU
		{971906FC-4D76-4520-9CE2-565D10470B99}.Release|Any CPU.ActiveCfg = Release|Any CPU
		{971906FC-4D76-4520-9CE2-565D10470B99}.Release|Any CPU.Build.0 = Release|Any CPU
		{28B97868-3D2C-4D46-939A-CA3957D05700}.Debug|Any CPU.ActiveCfg = Debug|Any CPU
		{28B97868-3D2C-4D46-939A-CA3957D05700}.Debug|Any CPU.Build.0 = Debug|Any CPU
		{28B97868-3D2C-4D46-939A-CA3957D05700}.Release|Any CPU.ActiveCfg = Release|Any CPU
		{28B97868-3D2C-4D46-939A-CA3957D05700}.Release|Any CPU.Build.0 = Release|Any CPU
		{3B7457E3-EA20-496A-8BD6-9DAACDDE780A}.Debug|Any CPU.ActiveCfg = Debug|Any CPU
		{3B7457E3-EA20-496A-8BD6-9DAACDDE780A}.Debug|Any CPU.Build.0 = Debug|Any CPU
		{3B7457E3-EA20-496A-8BD6-9DAACDDE780A}.Release|Any CPU.ActiveCfg = Release|Any CPU
		{3B7457E3-EA20-496A-8BD6-9DAACDDE780A}.Release|Any CPU.Build.0 = Release|Any CPU
	EndGlobalSection
	GlobalSection(SolutionProperties) = preSolution
		HideSolutionNode = FALSE
	EndGlobalSection
	GlobalSection(NestedProjects) = preSolution
		{4A0923FD-ED65-4D14-990D-B6B25E123D82} = {830BAEE4-28D8-4B54-B4E6-EB174B5DC05F}
		{BFB6F38B-3BDE-4C6C-947A-5AE036E70C67} = {830BAEE4-28D8-4B54-B4E6-EB174B5DC05F}
		{7749183B-F7AC-472D-AF28-1F00F07FECFF} = {06C3EC8F-ECC0-45CE-B425-913DD164D73E}
		{32AEF1ED-08D1-4C1D-A139-990F481AA26F} = {9A7E5AFB-B6E2-4E0A-998F-868D9443F621}
		{971906FC-4D76-4520-9CE2-565D10470B99} = {F8DF018B-AE06-47DA-92F0-AC7FD44096CA}
		{28B97868-3D2C-4D46-939A-CA3957D05700} = {4A0923FD-ED65-4D14-990D-B6B25E123D82}
		{3B7457E3-EA20-496A-8BD6-9DAACDDE780A} = {BFB6F38B-3BDE-4C6C-947A-5AE036E70C67}
	EndGlobalSection
	GlobalSection(ExtensibilityGlobals) = postSolution
		SolutionGuid = {9AF2338E-40DB-4AB9-9163-93088EE526DE}
	EndGlobalSection
EndGlobal
